PODS:
  - Alamofire (5.4.1)
  - Moya (14.0.0):
    - Moya/Core (= 14.0.0)
  - Moya/Core (14.0.0):
    - Alamofire (~> 5.0)
  - Nimble (9.0.0)
  - Nuke (9.2.4)
  - Overture (0.5.0)
  - Quick (3.1.2)
  - ReSwift (6.0.0)
  - SnapKit (5.0.1)
  - Swinject (2.7.1)
  - SwinjectAutoregistration (2.7.0):
    - Swinject (~> 2.7)

DEPENDENCIES:
  - Moya (~> 14.0.0)
  - Nimble (~> 9.0.0)
  - Nuke (~> 9.2.4)
  - Overture (~> 0.5)
  - Quick (~> 3.1.2)
  - ReSwift (~> 6.0.0)
  - SnapKit (~> 5.0.0)
  - Swinject (~> 2.7.1)
  - SwinjectAutoregistration (~> 2.7.0)

SPEC REPOS:
  trunk:
    - Alamofire
    - Moya
    - Nimble
    - Nuke
    - Overture
    - Quick
    - ReSwift
    - SnapKit
    - Swinject
    - SwinjectAutoregistration

SPEC CHECKSUMS:
  Alamofire: 2291f7d21ca607c491dd17642e5d40fdcda0e65c
  Moya: 5b45dacb75adb009f97fde91c204c1e565d31916
  Nimble: 3b4ec3fd40f1dc178058e0981107721c615643d8
  Nuke: 44439f7a92e665a4f927ecd73cb51f91d93b0e0c
  Overture: 2e6252ead5da6d3347f758047f27a31cb469d59d
  Quick: 60f0ea3b8e0cfc0df3259a5c06a238ad8b3c46e0
  ReSwift: 14e6f9409fe6bdc635e588208296a01f43b959c9
  SnapKit: 97b92857e3df3a0c71833cce143274bf6ef8e5eb
  Swinject: ddf78b8486dd9b71a667b852cad919ab4484478e
  SwinjectAutoregistration: 330f5012642a8b5c89a8a4adb0c5e52df07382c0

PODFILE CHECKSUM: 4b00eb25bd54b97d829794fe148b7633c5a289bd

COCOAPODS: 1.10.1
