PODS:
  - Alamofire (5.4.1)
  - Moya (14.0.0):
    - Moya/Core (= 14.0.0)
  - Moya/Core (14.0.0):
    - Alamofire (~> 5.0)
  - ReSwift (6.0.0)

DEPENDENCIES:
  - Moya (~> 14.0)
  - ReSwift (~> 6.0.0)

SPEC REPOS:
  trunk:
    - Alamofire
    - Moya
    - ReSwift

SPEC CHECKSUMS:
  Alamofire: 2291f7d21ca607c491dd17642e5d40fdcda0e65c
  Moya: 5b45dacb75adb009f97fde91c204c1e565d31916
  ReSwift: 14e6f9409fe6bdc635e588208296a01f43b959c9

PODFILE CHECKSUM: 3c785fd5e577212d020b57845e122e4b8c8edf9e

COCOAPODS: 1.10.1
