// !$*UTF8*$!
{
	archiveVersion = 1;
	classes = {
	};
	objectVersion = 54;
	objects = {

/* Begin PBXBuildFile section */
		26448B5525CA96DC00D240E7 /* RequestState.swift in Sources */ = {isa = PBXBuildFile; fileRef = 26448B5425CA96DC00D240E7 /* RequestState.swift */; };
		26448B7925CC102B00D240E7 /* MovieTarget.swift in Sources */ = {isa = PBXBuildFile; fileRef = 26448B7825CC102B00D240E7 /* MovieTarget.swift */; };
		26448B8425CC3B2400D240E7 /* TMDB-Info.plist in Resources */ = {isa = PBXBuildFile; fileRef = 26448B8325CC3B2400D240E7 /* TMDB-Info.plist */; };
		26448B8725CC3C6B00D240E7 /* UpdateConfigurationAction.swift in Sources */ = {isa = PBXBuildFile; fileRef = 26448B8625CC3C6B00D240E7 /* UpdateConfigurationAction.swift */; };
		26448B8D25CC3E3300D240E7 /* ConfigurationState.swift in Sources */ = {isa = PBXBuildFile; fileRef = 26448B8C25CC3E3300D240E7 /* ConfigurationState.swift */; };
		26448BA525CD52FE00D240E7 /* CategoryDTO.swift in Sources */ = {isa = PBXBuildFile; fileRef = 26448BA425CD52FE00D240E7 /* CategoryDTO.swift */; };
		26448BA925CD546E00D240E7 /* DataDecoder.swift in Sources */ = {isa = PBXBuildFile; fileRef = 26448BA825CD546E00D240E7 /* DataDecoder.swift */; };
		26448BAF25CD580200D240E7 /* MovieDTO.swift in Sources */ = {isa = PBXBuildFile; fileRef = 26448BAE25CD580200D240E7 /* MovieDTO.swift */; };
		26448BB225CD5CF200D240E7 /* URLManager.swift in Sources */ = {isa = PBXBuildFile; fileRef = 26448BB125CD5CF200D240E7 /* URLManager.swift */; };
		2657724D25D4079700A05CEE /* Router.swift in Sources */ = {isa = PBXBuildFile; fileRef = 2657724C25D4079700A05CEE /* Router.swift */; };
		2657725825D40CBF00A05CEE /* BaseConnector.swift in Sources */ = {isa = PBXBuildFile; fileRef = 2657725725D40CBF00A05CEE /* BaseConnector.swift */; };
		2657725B25D40DD100A05CEE /* TopMoviesConnector.swift in Sources */ = {isa = PBXBuildFile; fileRef = 2657725A25D40DD100A05CEE /* TopMoviesConnector.swift */; };
		2657725F25D55A5E00A05CEE /* MovieCategory.swift in Sources */ = {isa = PBXBuildFile; fileRef = 2657725E25D55A5E00A05CEE /* MovieCategory.swift */; };
		2657726225D55D7200A05CEE /* MovieCategoriesState.swift in Sources */ = {isa = PBXBuildFile; fileRef = 2657726125D55D7200A05CEE /* MovieCategoriesState.swift */; };
		2657726525D566F200A05CEE /* MovieCategoriesAction.swift in Sources */ = {isa = PBXBuildFile; fileRef = 2657726425D566F200A05CEE /* MovieCategoriesAction.swift */; };
		2657726825D5849F00A05CEE /* MoviesState.swift in Sources */ = {isa = PBXBuildFile; fileRef = 2657726725D5849F00A05CEE /* MoviesState.swift */; };
		2657727825D6737700A05CEE /* PropsConnectableProtocol.swift in Sources */ = {isa = PBXBuildFile; fileRef = 2657727725D6737700A05CEE /* PropsConnectableProtocol.swift */; };
		2669922825C9BC6800D88EB8 /* MovieModel.swift in Sources */ = {isa = PBXBuildFile; fileRef = 2669922725C9BC6800D88EB8 /* MovieModel.swift */; };
		2669922F25C9BDA500D88EB8 /* MainState.swift in Sources */ = {isa = PBXBuildFile; fileRef = 2669922C25C9BDA500D88EB8 /* MainState.swift */; };
		2669923125C9BDA500D88EB8 /* AppFlowState.swift in Sources */ = {isa = PBXBuildFile; fileRef = 2669922E25C9BDA500D88EB8 /* AppFlowState.swift */; };
		2669923625C9BDB500D88EB8 /* AppFlowAction.swift in Sources */ = {isa = PBXBuildFile; fileRef = 2669923425C9BDB500D88EB8 /* AppFlowAction.swift */; };
		2669923A25C9BDBE00D88EB8 /* MainReducer.swift in Sources */ = {isa = PBXBuildFile; fileRef = 2669923925C9BDBE00D88EB8 /* MainReducer.swift */; };
		2669923E25C9BDC900D88EB8 /* MovieService.swift in Sources */ = {isa = PBXBuildFile; fileRef = 2669923D25C9BDC900D88EB8 /* MovieService.swift */; };
		2669924225C9BDD500D88EB8 /* MovieAPI.swift in Sources */ = {isa = PBXBuildFile; fileRef = 2669924125C9BDD500D88EB8 /* MovieAPI.swift */; };
		266B93AF25D1523300194050 /* MovieCollectionViewCell.swift in Sources */ = {isa = PBXBuildFile; fileRef = 266B93AE25D1523300194050 /* MovieCollectionViewCell.swift */; };
		266B93B825D2923E00194050 /* TopMoviesViewController.swift in Sources */ = {isa = PBXBuildFile; fileRef = 266B93B725D2923E00194050 /* TopMoviesViewController.swift */; };
		266B93BC25D299AE00194050 /* MovieCategoryTableViewCell.swift in Sources */ = {isa = PBXBuildFile; fileRef = 266B93BB25D299AE00194050 /* MovieCategoryTableViewCell.swift */; };
		525AD05425E1D956006F872F /* MoviesAction.swift in Sources */ = {isa = PBXBuildFile; fileRef = 525AD05325E1D956006F872F /* MoviesAction.swift */; };
		5296A7F125E1A58B00AC3547 /* Dictionary+Extensions.swift in Sources */ = {isa = PBXBuildFile; fileRef = 5296A7F025E1A58B00AC3547 /* Dictionary+Extensions.swift */; };
		52A4D8D925C308E500810667 /* AppDelegate.swift in Sources */ = {isa = PBXBuildFile; fileRef = 52A4D8D825C308E500810667 /* AppDelegate.swift */; };
		52A4D8E225C308E900810667 /* Assets.xcassets in Resources */ = {isa = PBXBuildFile; fileRef = 52A4D8E125C308E900810667 /* Assets.xcassets */; };
		52A4D8E525C308E900810667 /* LaunchScreen.storyboard in Resources */ = {isa = PBXBuildFile; fileRef = 52A4D8E325C308E900810667 /* LaunchScreen.storyboard */; };
		52D2DF3525DC24AA00011A27 /* AllActionsMiddleware.swift in Sources */ = {isa = PBXBuildFile; fileRef = 52D2DF3425DC24AA00011A27 /* AllActionsMiddleware.swift */; };
		52D2DF3B25DC88D600011A27 /* MovieCategoryRequest.swift in Sources */ = {isa = PBXBuildFile; fileRef = 52D2DF3A25DC88D600011A27 /* MovieCategoryRequest.swift */; };
		52D2DF5F25DD78D100011A27 /* MoviesCategoryVC.swift in Sources */ = {isa = PBXBuildFile; fileRef = 52D2DF5E25DD78D100011A27 /* MoviesCategoryVC.swift */; };
		52D2DF6325DD794500011A27 /* MovieTableViewCell.swift in Sources */ = {isa = PBXBuildFile; fileRef = 52D2DF6225DD794500011A27 /* MovieTableViewCell.swift */; };
		52D2DF6D25DDB27000011A27 /* MovieCategoryVCConnector.swift in Sources */ = {isa = PBXBuildFile; fileRef = 52D2DF6C25DDB27000011A27 /* MovieCategoryVCConnector.swift */; };
		52D2DF7025DDB91800011A27 /* SeeMoreMoviesCollectionViewCell.swift in Sources */ = {isa = PBXBuildFile; fileRef = 52D2DF6F25DDB91800011A27 /* SeeMoreMoviesCollectionViewCell.swift */; };
		52D2DF9E25E0404E00011A27 /* PaginationState.swift in Sources */ = {isa = PBXBuildFile; fileRef = 52D2DF9D25E0404E00011A27 /* PaginationState.swift */; };
		C3B2B242157C198AC014AAA8 /* Pods_TopMovies.framework in Frameworks */ = {isa = PBXBuildFile; fileRef = 0ECE3AF53A67C6DBB85E6C37 /* Pods_TopMovies.framework */; };
/* End PBXBuildFile section */

/* Begin PBXFileReference section */
		0653D1B8C665C67DD39443FA /* Pods-TopMovies.stage.xcconfig */ = {isa = PBXFileReference; includeInIndex = 1; lastKnownFileType = text.xcconfig; name = "Pods-TopMovies.stage.xcconfig"; path = "Target Support Files/Pods-TopMovies/Pods-TopMovies.stage.xcconfig"; sourceTree = "<group>"; };
		0ECE3AF53A67C6DBB85E6C37 /* Pods_TopMovies.framework */ = {isa = PBXFileReference; explicitFileType = wrapper.framework; includeInIndex = 0; path = Pods_TopMovies.framework; sourceTree = BUILT_PRODUCTS_DIR; };
		1F11A4FA5D52C68416AB823F /* Pods-TopMovies.debug.xcconfig */ = {isa = PBXFileReference; includeInIndex = 1; lastKnownFileType = text.xcconfig; name = "Pods-TopMovies.debug.xcconfig"; path = "Target Support Files/Pods-TopMovies/Pods-TopMovies.debug.xcconfig"; sourceTree = "<group>"; };
		26448B5425CA96DC00D240E7 /* RequestState.swift */ = {isa = PBXFileReference; lastKnownFileType = sourcecode.swift; path = RequestState.swift; sourceTree = "<group>"; };
		26448B7825CC102B00D240E7 /* MovieTarget.swift */ = {isa = PBXFileReference; lastKnownFileType = sourcecode.swift; path = MovieTarget.swift; sourceTree = "<group>"; };
		26448B8325CC3B2400D240E7 /* TMDB-Info.plist */ = {isa = PBXFileReference; lastKnownFileType = text.plist.xml; path = "TMDB-Info.plist"; sourceTree = "<group>"; };
		26448B8625CC3C6B00D240E7 /* UpdateConfigurationAction.swift */ = {isa = PBXFileReference; lastKnownFileType = sourcecode.swift; path = UpdateConfigurationAction.swift; sourceTree = "<group>"; };
		26448B8C25CC3E3300D240E7 /* ConfigurationState.swift */ = {isa = PBXFileReference; lastKnownFileType = sourcecode.swift; path = ConfigurationState.swift; sourceTree = "<group>"; };
		26448BA425CD52FE00D240E7 /* CategoryDTO.swift */ = {isa = PBXFileReference; lastKnownFileType = sourcecode.swift; path = CategoryDTO.swift; sourceTree = "<group>"; };
		26448BA825CD546E00D240E7 /* DataDecoder.swift */ = {isa = PBXFileReference; lastKnownFileType = sourcecode.swift; path = DataDecoder.swift; sourceTree = "<group>"; };
		26448BAE25CD580200D240E7 /* MovieDTO.swift */ = {isa = PBXFileReference; lastKnownFileType = sourcecode.swift; path = MovieDTO.swift; sourceTree = "<group>"; };
		26448BB125CD5CF200D240E7 /* URLManager.swift */ = {isa = PBXFileReference; lastKnownFileType = sourcecode.swift; path = URLManager.swift; sourceTree = "<group>"; };
		2657724C25D4079700A05CEE /* Router.swift */ = {isa = PBXFileReference; lastKnownFileType = sourcecode.swift; path = Router.swift; sourceTree = "<group>"; };
		2657725725D40CBF00A05CEE /* BaseConnector.swift */ = {isa = PBXFileReference; lastKnownFileType = sourcecode.swift; path = BaseConnector.swift; sourceTree = "<group>"; };
		2657725A25D40DD100A05CEE /* TopMoviesConnector.swift */ = {isa = PBXFileReference; lastKnownFileType = sourcecode.swift; path = TopMoviesConnector.swift; sourceTree = "<group>"; };
		2657725E25D55A5E00A05CEE /* MovieCategory.swift */ = {isa = PBXFileReference; lastKnownFileType = sourcecode.swift; path = MovieCategory.swift; sourceTree = "<group>"; };
		2657726125D55D7200A05CEE /* MovieCategoriesState.swift */ = {isa = PBXFileReference; lastKnownFileType = sourcecode.swift; path = MovieCategoriesState.swift; sourceTree = "<group>"; };
		2657726425D566F200A05CEE /* MovieCategoriesAction.swift */ = {isa = PBXFileReference; lastKnownFileType = sourcecode.swift; path = MovieCategoriesAction.swift; sourceTree = "<group>"; };
		2657726725D5849F00A05CEE /* MoviesState.swift */ = {isa = PBXFileReference; lastKnownFileType = sourcecode.swift; path = MoviesState.swift; sourceTree = "<group>"; };
		2657727725D6737700A05CEE /* PropsConnectableProtocol.swift */ = {isa = PBXFileReference; lastKnownFileType = sourcecode.swift; path = PropsConnectableProtocol.swift; sourceTree = "<group>"; };
		2669922725C9BC6800D88EB8 /* MovieModel.swift */ = {isa = PBXFileReference; fileEncoding = 4; lastKnownFileType = sourcecode.swift; name = MovieModel.swift; path = TopMovies/Model/MovieModel.swift; sourceTree = SOURCE_ROOT; };
		2669922C25C9BDA500D88EB8 /* MainState.swift */ = {isa = PBXFileReference; fileEncoding = 4; lastKnownFileType = sourcecode.swift; name = MainState.swift; path = TopMovies/Core/State/MainState.swift; sourceTree = SOURCE_ROOT; };
		2669922E25C9BDA500D88EB8 /* AppFlowState.swift */ = {isa = PBXFileReference; fileEncoding = 4; lastKnownFileType = sourcecode.swift; name = AppFlowState.swift; path = TopMovies/Core/State/AppFlowState.swift; sourceTree = SOURCE_ROOT; };
		2669923425C9BDB500D88EB8 /* AppFlowAction.swift */ = {isa = PBXFileReference; fileEncoding = 4; lastKnownFileType = sourcecode.swift; name = AppFlowAction.swift; path = TopMovies/Core/Action/AppFlowAction.swift; sourceTree = SOURCE_ROOT; };
		2669923925C9BDBE00D88EB8 /* MainReducer.swift */ = {isa = PBXFileReference; fileEncoding = 4; lastKnownFileType = sourcecode.swift; name = MainReducer.swift; path = TopMovies/Core/Reducer/MainReducer.swift; sourceTree = SOURCE_ROOT; };
		2669923D25C9BDC900D88EB8 /* MovieService.swift */ = {isa = PBXFileReference; fileEncoding = 4; lastKnownFileType = sourcecode.swift; name = MovieService.swift; path = TopMovies/Service/MovieService.swift; sourceTree = SOURCE_ROOT; };
		2669924125C9BDD500D88EB8 /* MovieAPI.swift */ = {isa = PBXFileReference; fileEncoding = 4; lastKnownFileType = sourcecode.swift; path = MovieAPI.swift; sourceTree = "<group>"; };
		266B93AE25D1523300194050 /* MovieCollectionViewCell.swift */ = {isa = PBXFileReference; lastKnownFileType = sourcecode.swift; path = MovieCollectionViewCell.swift; sourceTree = "<group>"; };
		266B93B725D2923E00194050 /* TopMoviesViewController.swift */ = {isa = PBXFileReference; lastKnownFileType = sourcecode.swift; path = TopMoviesViewController.swift; sourceTree = "<group>"; };
		266B93BB25D299AE00194050 /* MovieCategoryTableViewCell.swift */ = {isa = PBXFileReference; lastKnownFileType = sourcecode.swift; path = MovieCategoryTableViewCell.swift; sourceTree = "<group>"; };
		525AD05325E1D956006F872F /* MoviesAction.swift */ = {isa = PBXFileReference; lastKnownFileType = sourcecode.swift; path = MoviesAction.swift; sourceTree = "<group>"; };
		5296A7F025E1A58B00AC3547 /* Dictionary+Extensions.swift */ = {isa = PBXFileReference; lastKnownFileType = sourcecode.swift; path = "Dictionary+Extensions.swift"; sourceTree = "<group>"; };
		52A4D8D525C308E500810667 /* TopMovies.app */ = {isa = PBXFileReference; explicitFileType = wrapper.application; includeInIndex = 0; path = TopMovies.app; sourceTree = BUILT_PRODUCTS_DIR; };
		52A4D8D825C308E500810667 /* AppDelegate.swift */ = {isa = PBXFileReference; lastKnownFileType = sourcecode.swift; path = AppDelegate.swift; sourceTree = "<group>"; };
		52A4D8E125C308E900810667 /* Assets.xcassets */ = {isa = PBXFileReference; lastKnownFileType = folder.assetcatalog; path = Assets.xcassets; sourceTree = "<group>"; };
		52A4D8E425C308E900810667 /* Base */ = {isa = PBXFileReference; lastKnownFileType = file.storyboard; name = Base; path = Base.lproj/LaunchScreen.storyboard; sourceTree = "<group>"; };
		52A4D8E625C308E900810667 /* Info.plist */ = {isa = PBXFileReference; lastKnownFileType = text.plist.xml; path = Info.plist; sourceTree = "<group>"; };
		52D2DF3425DC24AA00011A27 /* AllActionsMiddleware.swift */ = {isa = PBXFileReference; lastKnownFileType = sourcecode.swift; path = AllActionsMiddleware.swift; sourceTree = "<group>"; };
		52D2DF3A25DC88D600011A27 /* MovieCategoryRequest.swift */ = {isa = PBXFileReference; lastKnownFileType = sourcecode.swift; path = MovieCategoryRequest.swift; sourceTree = "<group>"; };
		52D2DF5E25DD78D100011A27 /* MoviesCategoryVC.swift */ = {isa = PBXFileReference; lastKnownFileType = sourcecode.swift; path = MoviesCategoryVC.swift; sourceTree = "<group>"; };
		52D2DF6225DD794500011A27 /* MovieTableViewCell.swift */ = {isa = PBXFileReference; lastKnownFileType = sourcecode.swift; path = MovieTableViewCell.swift; sourceTree = "<group>"; };
		52D2DF6C25DDB27000011A27 /* MovieCategoryVCConnector.swift */ = {isa = PBXFileReference; lastKnownFileType = sourcecode.swift; path = MovieCategoryVCConnector.swift; sourceTree = "<group>"; };
		52D2DF6F25DDB91800011A27 /* SeeMoreMoviesCollectionViewCell.swift */ = {isa = PBXFileReference; lastKnownFileType = sourcecode.swift; path = SeeMoreMoviesCollectionViewCell.swift; sourceTree = "<group>"; };
		52D2DF9D25E0404E00011A27 /* PaginationState.swift */ = {isa = PBXFileReference; lastKnownFileType = sourcecode.swift; path = PaginationState.swift; sourceTree = "<group>"; };
		BF4B53E8B2772B8A2510B0BE /* Pods-TopMovies.prod.xcconfig */ = {isa = PBXFileReference; includeInIndex = 1; lastKnownFileType = text.xcconfig; name = "Pods-TopMovies.prod.xcconfig"; path = "Target Support Files/Pods-TopMovies/Pods-TopMovies.prod.xcconfig"; sourceTree = "<group>"; };
/* End PBXFileReference section */

/* Begin PBXFrameworksBuildPhase section */
		52A4D8D225C308E500810667 /* Frameworks */ = {
			isa = PBXFrameworksBuildPhase;
			buildActionMask = 2147483647;
			files = (
				C3B2B242157C198AC014AAA8 /* Pods_TopMovies.framework in Frameworks */,
			);
			runOnlyForDeploymentPostprocessing = 0;
		};
/* End PBXFrameworksBuildPhase section */

/* Begin PBXGroup section */
		26448B9F25CD4D2000D240E7 /* DTO */ = {
			isa = PBXGroup;
			children = (
				26448BA425CD52FE00D240E7 /* CategoryDTO.swift */,
				26448BAE25CD580200D240E7 /* MovieDTO.swift */,
			);
			path = DTO;
			sourceTree = "<group>";
		};
		264AA3FF25C853290095D22D /* Reducer */ = {
			isa = PBXGroup;
			children = (
				2669923925C9BDBE00D88EB8 /* MainReducer.swift */,
			);
			path = Reducer;
			sourceTree = "<group>";
		};
		264AA40925C8597C0095D22D /* Action */ = {
			isa = PBXGroup;
			children = (
				26448B8625CC3C6B00D240E7 /* UpdateConfigurationAction.swift */,
				2669923425C9BDB500D88EB8 /* AppFlowAction.swift */,
				2657726425D566F200A05CEE /* MovieCategoriesAction.swift */,
				525AD05325E1D956006F872F /* MoviesAction.swift */,
			);
			path = Action;
			sourceTree = "<group>";
		};
		26568AF625C9B74500EA2E99 /* Core */ = {
			isa = PBXGroup;
			children = (
				52D2DF2E25DC243D00011A27 /* Middleware */,
				26DF773E25C9B8AA00A82A36 /* State */,
				264AA40925C8597C0095D22D /* Action */,
				264AA3FF25C853290095D22D /* Reducer */,
			);
			path = Core;
			sourceTree = "<group>";
		};
		2669922625C9BB3E00D88EB8 /* Model */ = {
			isa = PBXGroup;
			children = (
				2657725E25D55A5E00A05CEE /* MovieCategory.swift */,
				2669922725C9BC6800D88EB8 /* MovieModel.swift */,
			);
			path = Model;
			sourceTree = "<group>";
		};
		2669922B25C9BCA800D88EB8 /* API */ = {
			isa = PBXGroup;
			children = (
				2669924125C9BDD500D88EB8 /* MovieAPI.swift */,
				52D2DF3A25DC88D600011A27 /* MovieCategoryRequest.swift */,
				26448B7825CC102B00D240E7 /* MovieTarget.swift */,
				26448BA825CD546E00D240E7 /* DataDecoder.swift */,
				26448BB125CD5CF200D240E7 /* URLManager.swift */,
			);
			path = API;
			sourceTree = "<group>";
		};
		26DF773E25C9B8AA00A82A36 /* State */ = {
			isa = PBXGroup;
			children = (
				2669922C25C9BDA500D88EB8 /* MainState.swift */,
				26448B8C25CC3E3300D240E7 /* ConfigurationState.swift */,
				2669922E25C9BDA500D88EB8 /* AppFlowState.swift */,
				26448B5425CA96DC00D240E7 /* RequestState.swift */,
				2657726125D55D7200A05CEE /* MovieCategoriesState.swift */,
				2657726725D5849F00A05CEE /* MoviesState.swift */,
				52D2DF9D25E0404E00011A27 /* PaginationState.swift */,
			);
			path = State;
			sourceTree = "<group>";
		};
		26DF774B25C9BA4300A82A36 /* Service */ = {
			isa = PBXGroup;
			children = (
				2669923D25C9BDC900D88EB8 /* MovieService.swift */,
			);
			path = Service;
			sourceTree = "<group>";
		};
		52A4D8CC25C308E400810667 = {
			isa = PBXGroup;
			children = (
				52A4D8D725C308E500810667 /* TopMovies */,
				52A4D8D625C308E500810667 /* Products */,
				CF29E6860A25739B718AC787 /* Pods */,
				89E434038CD2EC5864C52138 /* Frameworks */,
			);
			sourceTree = "<group>";
		};
		52A4D8D625C308E500810667 /* Products */ = {
			isa = PBXGroup;
			children = (
				52A4D8D525C308E500810667 /* TopMovies.app */,
			);
			name = Products;
			sourceTree = "<group>";
		};
		52A4D8D725C308E500810667 /* TopMovies */ = {
			isa = PBXGroup;
			children = (
				52A4D8F025C30ADF00810667 /* View */,
				52A4D8F125C30AEE00810667 /* MoviesConnector */,
				2669922625C9BB3E00D88EB8 /* Model */,
				52A4D8F525C30B2400810667 /* Misc */,
				26568AF625C9B74500EA2E99 /* Core */,
				26DF774B25C9BA4300A82A36 /* Service */,
				2669922B25C9BCA800D88EB8 /* API */,
				26448B9F25CD4D2000D240E7 /* DTO */,
				52BFC85F25C33BFE001B9F19 /* Resources */,
				52A4D8E125C308E900810667 /* Assets.xcassets */,
			);
			path = TopMovies;
			sourceTree = "<group>";
		};
		52A4D8F025C30ADF00810667 /* View */ = {
			isa = PBXGroup;
			children = (
				52D2DF5325DD761200011A27 /* TopMoviesVC */,
				52D2DF5A25DD769700011A27 /* CategoryVC */,
			);
			path = View;
			sourceTree = "<group>";
		};
		52A4D8F125C30AEE00810667 /* MoviesConnector */ = {
			isa = PBXGroup;
			children = (
				2657727725D6737700A05CEE /* PropsConnectableProtocol.swift */,
				2657725725D40CBF00A05CEE /* BaseConnector.swift */,
				2657725A25D40DD100A05CEE /* TopMoviesConnector.swift */,
				52D2DF6C25DDB27000011A27 /* MovieCategoryVCConnector.swift */,
			);
			path = MoviesConnector;
			sourceTree = "<group>";
		};
		52A4D8F525C30B2400810667 /* Misc */ = {
			isa = PBXGroup;
			children = (
				5296A7F025E1A58B00AC3547 /* Dictionary+Extensions.swift */,
			);
			path = Misc;
			sourceTree = "<group>";
		};
		52BFC85F25C33BFE001B9F19 /* Resources */ = {
			isa = PBXGroup;
			children = (
				2657724C25D4079700A05CEE /* Router.swift */,
				52A4D8D825C308E500810667 /* AppDelegate.swift */,
				52A4D8E325C308E900810667 /* LaunchScreen.storyboard */,
				52A4D8E625C308E900810667 /* Info.plist */,
				26448B8325CC3B2400D240E7 /* TMDB-Info.plist */,
			);
			path = Resources;
			sourceTree = "<group>";
		};
		52D2DF2E25DC243D00011A27 /* Middleware */ = {
			isa = PBXGroup;
			children = (
				52D2DF3425DC24AA00011A27 /* AllActionsMiddleware.swift */,
			);
			path = Middleware;
			sourceTree = "<group>";
		};
		52D2DF5325DD761200011A27 /* TopMoviesVC */ = {
			isa = PBXGroup;
			children = (
				266B93B725D2923E00194050 /* TopMoviesViewController.swift */,
				266B93BB25D299AE00194050 /* MovieCategoryTableViewCell.swift */,
				266B93AE25D1523300194050 /* MovieCollectionViewCell.swift */,
				52D2DF6F25DDB91800011A27 /* SeeMoreMoviesCollectionViewCell.swift */,
			);
			path = TopMoviesVC;
			sourceTree = "<group>";
		};
		52D2DF5A25DD769700011A27 /* CategoryVC */ = {
			isa = PBXGroup;
			children = (
				52D2DF5E25DD78D100011A27 /* MoviesCategoryVC.swift */,
				52D2DF6225DD794500011A27 /* MovieTableViewCell.swift */,
			);
			path = CategoryVC;
			sourceTree = "<group>";
		};
		89E434038CD2EC5864C52138 /* Frameworks */ = {
			isa = PBXGroup;
			children = (
				0ECE3AF53A67C6DBB85E6C37 /* Pods_TopMovies.framework */,
			);
			name = Frameworks;
			sourceTree = "<group>";
		};
		CF29E6860A25739B718AC787 /* Pods */ = {
			isa = PBXGroup;
			children = (
				1F11A4FA5D52C68416AB823F /* Pods-TopMovies.debug.xcconfig */,
				0653D1B8C665C67DD39443FA /* Pods-TopMovies.stage.xcconfig */,
				BF4B53E8B2772B8A2510B0BE /* Pods-TopMovies.prod.xcconfig */,
			);
			path = Pods;
			sourceTree = "<group>";
		};
/* End PBXGroup section */

/* Begin PBXNativeTarget section */
		52A4D8D425C308E500810667 /* TopMovies */ = {
			isa = PBXNativeTarget;
			buildConfigurationList = 52A4D8E925C308E900810667 /* Build configuration list for PBXNativeTarget "TopMovies" */;
			buildPhases = (
				835E3AC482783F25F6848E99 /* [CP] Check Pods Manifest.lock */,
				5278AEBC25C43FEF00286566 /* SwiftLint */,
				52A4D8D125C308E500810667 /* Sources */,
				52A4D8D225C308E500810667 /* Frameworks */,
				52A4D8D325C308E500810667 /* Resources */,
				2C5721B842A2D7B7F716F886 /* [CP] Embed Pods Frameworks */,
			);
			buildRules = (
			);
			dependencies = (
			);
			name = TopMovies;
			productName = TopMovies;
			productReference = 52A4D8D525C308E500810667 /* TopMovies.app */;
			productType = "com.apple.product-type.application";
		};
/* End PBXNativeTarget section */

/* Begin PBXProject section */
		52A4D8CD25C308E400810667 /* Project object */ = {
			isa = PBXProject;
			attributes = {
				LastSwiftUpdateCheck = 1240;
				LastUpgradeCheck = 1240;
				TargetAttributes = {
					52A4D8D425C308E500810667 = {
						CreatedOnToolsVersion = 12.4;
					};
				};
			};
			buildConfigurationList = 52A4D8D025C308E400810667 /* Build configuration list for PBXProject "TopMovies" */;
			compatibilityVersion = "Xcode 9.3";
			developmentRegion = en;
			hasScannedForEncodings = 0;
			knownRegions = (
				en,
				Base,
			);
			mainGroup = 52A4D8CC25C308E400810667;
			productRefGroup = 52A4D8D625C308E500810667 /* Products */;
			projectDirPath = "";
			projectRoot = "";
			targets = (
				52A4D8D425C308E500810667 /* TopMovies */,
			);
		};
/* End PBXProject section */

/* Begin PBXResourcesBuildPhase section */
		52A4D8D325C308E500810667 /* Resources */ = {
			isa = PBXResourcesBuildPhase;
			buildActionMask = 2147483647;
			files = (
				52A4D8E525C308E900810667 /* LaunchScreen.storyboard in Resources */,
				52A4D8E225C308E900810667 /* Assets.xcassets in Resources */,
				26448B8425CC3B2400D240E7 /* TMDB-Info.plist in Resources */,
			);
			runOnlyForDeploymentPostprocessing = 0;
		};
/* End PBXResourcesBuildPhase section */

/* Begin PBXShellScriptBuildPhase section */
		2C5721B842A2D7B7F716F886 /* [CP] Embed Pods Frameworks */ = {
			isa = PBXShellScriptBuildPhase;
			buildActionMask = 2147483647;
			files = (
			);
			inputFileListPaths = (
				"${PODS_ROOT}/Target Support Files/Pods-TopMovies/Pods-TopMovies-frameworks-${CONFIGURATION}-input-files.xcfilelist",
			);
			name = "[CP] Embed Pods Frameworks";
			outputFileListPaths = (
				"${PODS_ROOT}/Target Support Files/Pods-TopMovies/Pods-TopMovies-frameworks-${CONFIGURATION}-output-files.xcfilelist",
			);
			runOnlyForDeploymentPostprocessing = 0;
			shellPath = /bin/sh;
			shellScript = "\"${PODS_ROOT}/Target Support Files/Pods-TopMovies/Pods-TopMovies-frameworks.sh\"\n";
			showEnvVarsInLog = 0;
		};
		5278AEBC25C43FEF00286566 /* SwiftLint */ = {
			isa = PBXShellScriptBuildPhase;
			alwaysOutOfDate = 1;
			buildActionMask = 2147483647;
			files = (
			);
			inputFileListPaths = (
			);
			inputPaths = (
			);
			name = SwiftLint;
			outputFileListPaths = (
			);
			outputPaths = (
			);
			runOnlyForDeploymentPostprocessing = 0;
			shellPath = /bin/sh;
			shellScript = "# Type a script or drag a script file from your workspace to insert its path.\n\nif [ \"${CONFIGURATION}\" = \"Debug\" ]; then\nif which swiftlint >/dev/null; then\nswiftlint --config \"$SRCROOT/swiftlint.yml\"\nelse\necho \"warning: SwiftLint not installed, download from https://github.com/realm/SwiftLint\"\nfi\nfi\n";
		};
		835E3AC482783F25F6848E99 /* [CP] Check Pods Manifest.lock */ = {
			isa = PBXShellScriptBuildPhase;
			buildActionMask = 2147483647;
			files = (
			);
			inputFileListPaths = (
			);
			inputPaths = (
				"${PODS_PODFILE_DIR_PATH}/Podfile.lock",
				"${PODS_ROOT}/Manifest.lock",
			);
			name = "[CP] Check Pods Manifest.lock";
			outputFileListPaths = (
			);
			outputPaths = (
				"$(DERIVED_FILE_DIR)/Pods-TopMovies-checkManifestLockResult.txt",
			);
			runOnlyForDeploymentPostprocessing = 0;
			shellPath = /bin/sh;
			shellScript = "diff \"${PODS_PODFILE_DIR_PATH}/Podfile.lock\" \"${PODS_ROOT}/Manifest.lock\" > /dev/null\nif [ $? != 0 ] ; then\n    # print error to STDERR\n    echo \"error: The sandbox is not in sync with the Podfile.lock. Run 'pod install' or update your CocoaPods installation.\" >&2\n    exit 1\nfi\n# This output is used by Xcode 'outputs' to avoid re-running this script phase.\necho \"SUCCESS\" > \"${SCRIPT_OUTPUT_FILE_0}\"\n";
			showEnvVarsInLog = 0;
		};
/* End PBXShellScriptBuildPhase section */

/* Begin PBXSourcesBuildPhase section */
		52A4D8D125C308E500810667 /* Sources */ = {
			isa = PBXSourcesBuildPhase;
			buildActionMask = 2147483647;
			files = (
				52D2DF6325DD794500011A27 /* MovieTableViewCell.swift in Sources */,
				26448BA925CD546E00D240E7 /* DataDecoder.swift in Sources */,
				2669922825C9BC6800D88EB8 /* MovieModel.swift in Sources */,
				26448B8725CC3C6B00D240E7 /* UpdateConfigurationAction.swift in Sources */,
				52D2DF6D25DDB27000011A27 /* MovieCategoryVCConnector.swift in Sources */,
				2669923125C9BDA500D88EB8 /* AppFlowState.swift in Sources */,
				266B93B825D2923E00194050 /* TopMoviesViewController.swift in Sources */,
				26448B5525CA96DC00D240E7 /* RequestState.swift in Sources */,
				26448BA525CD52FE00D240E7 /* CategoryDTO.swift in Sources */,
				52D2DF7025DDB91800011A27 /* SeeMoreMoviesCollectionViewCell.swift in Sources */,
				2657726825D5849F00A05CEE /* MoviesState.swift in Sources */,
				52D2DF5F25DD78D100011A27 /* MoviesCategoryVC.swift in Sources */,
				2657726225D55D7200A05CEE /* MovieCategoriesState.swift in Sources */,
				2657725F25D55A5E00A05CEE /* MovieCategory.swift in Sources */,
				5296A7F125E1A58B00AC3547 /* Dictionary+Extensions.swift in Sources */,
				266B93AF25D1523300194050 /* MovieCollectionViewCell.swift in Sources */,
				2657725B25D40DD100A05CEE /* TopMoviesConnector.swift in Sources */,
				2669924225C9BDD500D88EB8 /* MovieAPI.swift in Sources */,
				2657725825D40CBF00A05CEE /* BaseConnector.swift in Sources */,
				266B93BC25D299AE00194050 /* MovieCategoryTableViewCell.swift in Sources */,
				2669922F25C9BDA500D88EB8 /* MainState.swift in Sources */,
				2669923625C9BDB500D88EB8 /* AppFlowAction.swift in Sources */,
				26448B7925CC102B00D240E7 /* MovieTarget.swift in Sources */,
				2669923E25C9BDC900D88EB8 /* MovieService.swift in Sources */,
				52D2DF3525DC24AA00011A27 /* AllActionsMiddleware.swift in Sources */,
				2657724D25D4079700A05CEE /* Router.swift in Sources */,
				26448BB225CD5CF200D240E7 /* URLManager.swift in Sources */,
				2669923A25C9BDBE00D88EB8 /* MainReducer.swift in Sources */,
				52D2DF9E25E0404E00011A27 /* PaginationState.swift in Sources */,
				26448B8D25CC3E3300D240E7 /* ConfigurationState.swift in Sources */,
				52A4D8D925C308E500810667 /* AppDelegate.swift in Sources */,
				52D2DF3B25DC88D600011A27 /* MovieCategoryRequest.swift in Sources */,
				2657727825D6737700A05CEE /* PropsConnectableProtocol.swift in Sources */,
				26448BAF25CD580200D240E7 /* MovieDTO.swift in Sources */,
				2657726525D566F200A05CEE /* MovieCategoriesAction.swift in Sources */,
				525AD05425E1D956006F872F /* MoviesAction.swift in Sources */,
			);
			runOnlyForDeploymentPostprocessing = 0;
		};
/* End PBXSourcesBuildPhase section */

/* Begin PBXVariantGroup section */
		52A4D8E325C308E900810667 /* LaunchScreen.storyboard */ = {
			isa = PBXVariantGroup;
			children = (
				52A4D8E425C308E900810667 /* Base */,
			);
			name = LaunchScreen.storyboard;
			sourceTree = "<group>";
		};
/* End PBXVariantGroup section */

/* Begin XCBuildConfiguration section */
		52A4D8E725C308E900810667 /* Debug */ = {
			isa = XCBuildConfiguration;
			buildSettings = {
				ALWAYS_SEARCH_USER_PATHS = NO;
				CLANG_ANALYZER_NONNULL = YES;
				CLANG_ANALYZER_NUMBER_OBJECT_CONVERSION = YES_AGGRESSIVE;
				CLANG_CXX_LANGUAGE_STANDARD = "gnu++14";
				CLANG_CXX_LIBRARY = "libc++";
				CLANG_ENABLE_MODULES = YES;
				CLANG_ENABLE_OBJC_ARC = YES;
				CLANG_ENABLE_OBJC_WEAK = YES;
				CLANG_WARN_BLOCK_CAPTURE_AUTORELEASING = YES;
				CLANG_WARN_BOOL_CONVERSION = YES;
				CLANG_WARN_COMMA = YES;
				CLANG_WARN_CONSTANT_CONVERSION = YES;
				CLANG_WARN_DEPRECATED_OBJC_IMPLEMENTATIONS = YES;
				CLANG_WARN_DIRECT_OBJC_ISA_USAGE = YES_ERROR;
				CLANG_WARN_DOCUMENTATION_COMMENTS = YES;
				CLANG_WARN_EMPTY_BODY = YES;
				CLANG_WARN_ENUM_CONVERSION = YES;
				CLANG_WARN_INFINITE_RECURSION = YES;
				CLANG_WARN_INT_CONVERSION = YES;
				CLANG_WARN_NON_LITERAL_NULL_CONVERSION = YES;
				CLANG_WARN_OBJC_IMPLICIT_RETAIN_SELF = YES;
				CLANG_WARN_OBJC_LITERAL_CONVERSION = YES;
				CLANG_WARN_OBJC_ROOT_CLASS = YES_ERROR;
				CLANG_WARN_QUOTED_INCLUDE_IN_FRAMEWORK_HEADER = YES;
				CLANG_WARN_RANGE_LOOP_ANALYSIS = YES;
				CLANG_WARN_STRICT_PROTOTYPES = YES;
				CLANG_WARN_SUSPICIOUS_MOVE = YES;
				CLANG_WARN_UNGUARDED_AVAILABILITY = YES_AGGRESSIVE;
				CLANG_WARN_UNREACHABLE_CODE = YES;
				CLANG_WARN__DUPLICATE_METHOD_MATCH = YES;
				COPY_PHASE_STRIP = NO;
				DEBUG_INFORMATION_FORMAT = dwarf;
				ENABLE_STRICT_OBJC_MSGSEND = YES;
				ENABLE_TESTABILITY = YES;
				GCC_C_LANGUAGE_STANDARD = gnu11;
				GCC_DYNAMIC_NO_PIC = NO;
				GCC_NO_COMMON_BLOCKS = YES;
				GCC_OPTIMIZATION_LEVEL = 0;
				GCC_PREPROCESSOR_DEFINITIONS = (
					"DEBUG=1",
					"$(inherited)",
				);
				GCC_WARN_64_TO_32_BIT_CONVERSION = YES;
				GCC_WARN_ABOUT_RETURN_TYPE = YES_ERROR;
				GCC_WARN_UNDECLARED_SELECTOR = YES;
				GCC_WARN_UNINITIALIZED_AUTOS = YES_AGGRESSIVE;
				GCC_WARN_UNUSED_FUNCTION = YES;
				GCC_WARN_UNUSED_VARIABLE = YES;
				IPHONEOS_DEPLOYMENT_TARGET = 12.1;
				MTL_ENABLE_DEBUG_INFO = INCLUDE_SOURCE;
				MTL_FAST_MATH = YES;
				ONLY_ACTIVE_ARCH = YES;
				SDKROOT = iphoneos;
				SWIFT_ACTIVE_COMPILATION_CONDITIONS = DEBUG;
				SWIFT_OPTIMIZATION_LEVEL = "-Onone";
			};
			name = Debug;
		};
		52A4D8E825C308E900810667 /* Prod */ = {
			isa = XCBuildConfiguration;
			buildSettings = {
				ALWAYS_SEARCH_USER_PATHS = NO;
				CLANG_ANALYZER_NONNULL = YES;
				CLANG_ANALYZER_NUMBER_OBJECT_CONVERSION = YES_AGGRESSIVE;
				CLANG_CXX_LANGUAGE_STANDARD = "gnu++14";
				CLANG_CXX_LIBRARY = "libc++";
				CLANG_ENABLE_MODULES = YES;
				CLANG_ENABLE_OBJC_ARC = YES;
				CLANG_ENABLE_OBJC_WEAK = YES;
				CLANG_WARN_BLOCK_CAPTURE_AUTORELEASING = YES;
				CLANG_WARN_BOOL_CONVERSION = YES;
				CLANG_WARN_COMMA = YES;
				CLANG_WARN_CONSTANT_CONVERSION = YES;
				CLANG_WARN_DEPRECATED_OBJC_IMPLEMENTATIONS = YES;
				CLANG_WARN_DIRECT_OBJC_ISA_USAGE = YES_ERROR;
				CLANG_WARN_DOCUMENTATION_COMMENTS = YES;
				CLANG_WARN_EMPTY_BODY = YES;
				CLANG_WARN_ENUM_CONVERSION = YES;
				CLANG_WARN_INFINITE_RECURSION = YES;
				CLANG_WARN_INT_CONVERSION = YES;
				CLANG_WARN_NON_LITERAL_NULL_CONVERSION = YES;
				CLANG_WARN_OBJC_IMPLICIT_RETAIN_SELF = YES;
				CLANG_WARN_OBJC_LITERAL_CONVERSION = YES;
				CLANG_WARN_OBJC_ROOT_CLASS = YES_ERROR;
				CLANG_WARN_QUOTED_INCLUDE_IN_FRAMEWORK_HEADER = YES;
				CLANG_WARN_RANGE_LOOP_ANALYSIS = YES;
				CLANG_WARN_STRICT_PROTOTYPES = YES;
				CLANG_WARN_SUSPICIOUS_MOVE = YES;
				CLANG_WARN_UNGUARDED_AVAILABILITY = YES_AGGRESSIVE;
				CLANG_WARN_UNREACHABLE_CODE = YES;
				CLANG_WARN__DUPLICATE_METHOD_MATCH = YES;
				COPY_PHASE_STRIP = NO;
				DEBUG_INFORMATION_FORMAT = "dwarf-with-dsym";
				ENABLE_NS_ASSERTIONS = NO;
				ENABLE_STRICT_OBJC_MSGSEND = YES;
				GCC_C_LANGUAGE_STANDARD = gnu11;
				GCC_NO_COMMON_BLOCKS = YES;
				GCC_WARN_64_TO_32_BIT_CONVERSION = YES;
				GCC_WARN_ABOUT_RETURN_TYPE = YES_ERROR;
				GCC_WARN_UNDECLARED_SELECTOR = YES;
				GCC_WARN_UNINITIALIZED_AUTOS = YES_AGGRESSIVE;
				GCC_WARN_UNUSED_FUNCTION = YES;
				GCC_WARN_UNUSED_VARIABLE = YES;
				IPHONEOS_DEPLOYMENT_TARGET = 12.1;
				MTL_ENABLE_DEBUG_INFO = NO;
				MTL_FAST_MATH = YES;
				SDKROOT = iphoneos;
				SWIFT_COMPILATION_MODE = wholemodule;
				SWIFT_OPTIMIZATION_LEVEL = "-O";
				VALIDATE_PRODUCT = YES;
			};
			name = Prod;
		};
		52A4D8EA25C308E900810667 /* Debug */ = {
			isa = XCBuildConfiguration;
			baseConfigurationReference = 1F11A4FA5D52C68416AB823F /* Pods-TopMovies.debug.xcconfig */;
			buildSettings = {
				ASSETCATALOG_COMPILER_APPICON_NAME = AppIcon;
				ASSETCATALOG_COMPILER_GLOBAL_ACCENT_COLOR_NAME = AccentColor;
				CODE_SIGN_STYLE = Automatic;
				DEVELOPMENT_TEAM = 9JDR28PH3A;
				INFOPLIST_FILE = TopMovies/Info.plist;
				LD_RUNPATH_SEARCH_PATHS = (
					"$(inherited)",
					"@executable_path/Frameworks",
				);
				PRODUCT_BUNDLE_IDENTIFIER = "Artur-Nikolaienko.TopMovies";
				PRODUCT_NAME = "$(TARGET_NAME)";
				SWIFT_VERSION = 5.0;
				TARGETED_DEVICE_FAMILY = "1,2";
			};
			name = Debug;
		};
		52A4D8EB25C308E900810667 /* Prod */ = {
			isa = XCBuildConfiguration;
			baseConfigurationReference = BF4B53E8B2772B8A2510B0BE /* Pods-TopMovies.prod.xcconfig */;
			buildSettings = {
				ASSETCATALOG_COMPILER_APPICON_NAME = AppIcon;
				ASSETCATALOG_COMPILER_GLOBAL_ACCENT_COLOR_NAME = AccentColor;
				CODE_SIGN_STYLE = Automatic;
				DEVELOPMENT_TEAM = 9JDR28PH3A;
				INFOPLIST_FILE = TopMovies/Info.plist;
				LD_RUNPATH_SEARCH_PATHS = (
					"$(inherited)",
					"@executable_path/Frameworks",
				);
				PRODUCT_BUNDLE_IDENTIFIER = "Artur-Nikolaienko.TopMovies";
				PRODUCT_NAME = "$(TARGET_NAME)";
				SWIFT_VERSION = 5.0;
				TARGETED_DEVICE_FAMILY = "1,2";
			};
			name = Prod;
		};
		52A4D8ED25C3091700810667 /* Stage */ = {
			isa = XCBuildConfiguration;
			buildSettings = {
				ALWAYS_SEARCH_USER_PATHS = NO;
				CLANG_ANALYZER_NONNULL = YES;
				CLANG_ANALYZER_NUMBER_OBJECT_CONVERSION = YES_AGGRESSIVE;
				CLANG_CXX_LANGUAGE_STANDARD = "gnu++14";
				CLANG_CXX_LIBRARY = "libc++";
				CLANG_ENABLE_MODULES = YES;
				CLANG_ENABLE_OBJC_ARC = YES;
				CLANG_ENABLE_OBJC_WEAK = YES;
				CLANG_WARN_BLOCK_CAPTURE_AUTORELEASING = YES;
				CLANG_WARN_BOOL_CONVERSION = YES;
				CLANG_WARN_COMMA = YES;
				CLANG_WARN_CONSTANT_CONVERSION = YES;
				CLANG_WARN_DEPRECATED_OBJC_IMPLEMENTATIONS = YES;
				CLANG_WARN_DIRECT_OBJC_ISA_USAGE = YES_ERROR;
				CLANG_WARN_DOCUMENTATION_COMMENTS = YES;
				CLANG_WARN_EMPTY_BODY = YES;
				CLANG_WARN_ENUM_CONVERSION = YES;
				CLANG_WARN_INFINITE_RECURSION = YES;
				CLANG_WARN_INT_CONVERSION = YES;
				CLANG_WARN_NON_LITERAL_NULL_CONVERSION = YES;
				CLANG_WARN_OBJC_IMPLICIT_RETAIN_SELF = YES;
				CLANG_WARN_OBJC_LITERAL_CONVERSION = YES;
				CLANG_WARN_OBJC_ROOT_CLASS = YES_ERROR;
				CLANG_WARN_QUOTED_INCLUDE_IN_FRAMEWORK_HEADER = YES;
				CLANG_WARN_RANGE_LOOP_ANALYSIS = YES;
				CLANG_WARN_STRICT_PROTOTYPES = YES;
				CLANG_WARN_SUSPICIOUS_MOVE = YES;
				CLANG_WARN_UNGUARDED_AVAILABILITY = YES_AGGRESSIVE;
				CLANG_WARN_UNREACHABLE_CODE = YES;
				CLANG_WARN__DUPLICATE_METHOD_MATCH = YES;
				COPY_PHASE_STRIP = NO;
				DEBUG_INFORMATION_FORMAT = dwarf;
				ENABLE_STRICT_OBJC_MSGSEND = YES;
				ENABLE_TESTABILITY = YES;
				GCC_C_LANGUAGE_STANDARD = gnu11;
				GCC_DYNAMIC_NO_PIC = NO;
				GCC_NO_COMMON_BLOCKS = YES;
				GCC_OPTIMIZATION_LEVEL = 0;
				GCC_PREPROCESSOR_DEFINITIONS = (
					"DEBUG=1",
					"$(inherited)",
				);
				GCC_WARN_64_TO_32_BIT_CONVERSION = YES;
				GCC_WARN_ABOUT_RETURN_TYPE = YES_ERROR;
				GCC_WARN_UNDECLARED_SELECTOR = YES;
				GCC_WARN_UNINITIALIZED_AUTOS = YES_AGGRESSIVE;
				GCC_WARN_UNUSED_FUNCTION = YES;
				GCC_WARN_UNUSED_VARIABLE = YES;
				IPHONEOS_DEPLOYMENT_TARGET = 12.1;
				MTL_ENABLE_DEBUG_INFO = INCLUDE_SOURCE;
				MTL_FAST_MATH = YES;
				ONLY_ACTIVE_ARCH = YES;
				SDKROOT = iphoneos;
				SWIFT_ACTIVE_COMPILATION_CONDITIONS = STAGE;
				SWIFT_OPTIMIZATION_LEVEL = "-Onone";
			};
			name = Stage;
		};
		52A4D8EE25C3091700810667 /* Stage */ = {
			isa = XCBuildConfiguration;
			baseConfigurationReference = 0653D1B8C665C67DD39443FA /* Pods-TopMovies.stage.xcconfig */;
			buildSettings = {
				ASSETCATALOG_COMPILER_APPICON_NAME = AppIcon;
				ASSETCATALOG_COMPILER_GLOBAL_ACCENT_COLOR_NAME = AccentColor;
				CODE_SIGN_STYLE = Automatic;
				DEVELOPMENT_TEAM = 9JDR28PH3A;
				INFOPLIST_FILE = TopMovies/Info.plist;
				LD_RUNPATH_SEARCH_PATHS = (
					"$(inherited)",
					"@executable_path/Frameworks",
				);
				PRODUCT_BUNDLE_IDENTIFIER = "Artur-Nikolaienko.TopMovies";
				PRODUCT_NAME = "$(TARGET_NAME)";
				SWIFT_VERSION = 5.0;
				TARGETED_DEVICE_FAMILY = "1,2";
			};
			name = Stage;
		};
/* End XCBuildConfiguration section */

/* Begin XCConfigurationList section */
		52A4D8D025C308E400810667 /* Build configuration list for PBXProject "TopMovies" */ = {
			isa = XCConfigurationList;
			buildConfigurations = (
				52A4D8E725C308E900810667 /* Debug */,
				52A4D8ED25C3091700810667 /* Stage */,
				52A4D8E825C308E900810667 /* Prod */,
			);
			defaultConfigurationIsVisible = 0;
			defaultConfigurationName = Debug;
		};
		52A4D8E925C308E900810667 /* Build configuration list for PBXNativeTarget "TopMovies" */ = {
			isa = XCConfigurationList;
			buildConfigurations = (
				52A4D8EA25C308E900810667 /* Debug */,
				52A4D8EE25C3091700810667 /* Stage */,
				52A4D8EB25C308E900810667 /* Prod */,
			);
			defaultConfigurationIsVisible = 0;
			defaultConfigurationName = Debug;
		};
/* End XCConfigurationList section */
	};
	rootObject = 52A4D8CD25C308E400810667 /* Project object */;
}
